
Microsoft Visual Studio Solution File, Format Version 12.00
# Visual Studio Version 16
VisualStudioVersion = 16.0.30621.155
MinimumVisualStudioVersion = 10.0.40219.1
Project("{8BC9CEB8-8B4A-11D0-8D11-00A0C91BC942}") = "水仙花数（daffodil）", "水仙花数（daffodil）.vcxproj", "{F8951AF6-20F0-4DBF-997C-C4B817FCE2DB}"
EndProject
Global
	GlobalSection(SolutionConfigurationPlatforms) = preSolution
		Debug|x64 = Debug|x64
		Debug|x86 = Debug|x86
		Release|x64 = Release|x64
		Release|x86 = Release|x86
	EndGlobalSection
	GlobalSection(ProjectConfigurationPlatforms) = postSolution
		{F8951AF6-20F0-4DBF-997C-C4B817FCE2DB}.Debug|x64.ActiveCfg = Debug|x64
		{F8951AF6-20F0-4DBF-997C-C4B817FCE2DB}.Debug|x64.Build.0 = Debug|x64
		{F8951AF6-20F0-4DBF-997C-C4B817FCE2DB}.Debug|x86.ActiveCfg = Debug|Win32
		{F8951AF6-20F0-4DBF-997C-C4B817FCE2DB}.Debug|x86.Build.0 = Debug|Win32
		{F8951AF6-20F0-4DBF-997C-C4B817FCE2DB}.Release|x64.ActiveCfg = Release|x64
		{F8951AF6-20F0-4DBF-997C-C4B817FCE2DB}.Release|x64.Build.0 = Release|x64
		{F8951AF6-20F0-4DBF-997C-C4B817FCE2DB}.Release|x86.ActiveCfg = Release|Win32
		{F8951AF6-20F0-4DBF-997C-C4B817FCE2DB}.Release|x86.Build.0 = Release|Win32
	EndGlobalSection
	GlobalSection(SolutionProperties) = preSolution
		HideSolutionNode = FALSE
	EndGlobalSection
	GlobalSection(ExtensibilityGlobals) = postSolution
		SolutionGuid = {60175112-3011-49F2-9A42-FB9062C8982C}
	EndGlobalSection
EndGlobal
